// !$*UTF8*$!
{
	archiveVersion = 1;
	classes = {
	};
	objectVersion = 77;
	objects = {

/* Begin PBXContainerItemProxy section */
		BA4EB3E72E3B584500664C12 /* PBXContainerItemProxy */ = {
			isa = PBXContainerItemProxy;
			containerPortal = BA4EB3D12E3B584400664C12 /* Project object */;
			proxyType = 1;
			remoteGlobalIDString = BA4EB3D82E3B584400664C12;
			remoteInfo = TestTaHoma;
		};
		BA4EB3F12E3B584500664C12 /* PBXContainerItemProxy */ = {
			isa = PBXContainerItemProxy;
			containerPortal = BA4EB3D12E3B584400664C12 /* Project object */;
			proxyType = 1;
			remoteGlobalIDString = BA4EB3D82E3B584400664C12;
			remoteInfo = TestTaHoma;
		};
/* End PBXContainerItemProxy section */

/* Begin PBXFileReference section */
		BA4EB3D92E3B584400664C12 /* TestTaHoma.app */ = {isa = PBXFileReference; explicitFileType = wrapper.application; includeInIndex = 0; path = TestTaHoma.app; sourceTree = BUILT_PRODUCTS_DIR; };
		BA4EB3E62E3B584500664C12 /* TestTaHomaTests.xctest */ = {isa = PBXFileReference; explicitFileType = wrapper.cfbundle; includeInIndex = 0; path = TestTaHomaTests.xctest; sourceTree = BUILT_PRODUCTS_DIR; };
		BA4EB3F02E3B584500664C12 /* TestTaHomaUITests.xctest */ = {isa = PBXFileReference; explicitFileType = wrapper.cfbundle; includeInIndex = 0; path = TestTaHomaUITests.xctest; sourceTree = BUILT_PRODUCTS_DIR; };
/* End PBXFileReference section */

/* Begin PBXFileSystemSynchronizedRootGroup section */
		BA4EB3DB2E3B584400664C12 /* TestTaHoma */ = {
			isa = PBXFileSystemSynchronizedRootGroup;
			path = TestTaHoma;
			sourceTree = "<group>";
		};
		BA4EB3E92E3B584500664C12 /* TestTaHomaTests */ = {
			isa = PBXFileSystemSynchronizedRootGroup;
			path = TestTaHomaTests;
			sourceTree = "<group>";
		};
		BA4EB3F32E3B584500664C12 /* TestTaHomaUITests */ = {
			isa = PBXFileSystemSynchronizedRootGroup;
			path = TestTaHomaUITests;
			sourceTree = "<group>";
		};
/* End PBXFileSystemSynchronizedRootGroup section */

/* Begin PBXFrameworksBuildPhase section */
		BA4EB3D62E3B584400664C12 /* Frameworks */ = {
			isa = PBXFrameworksBuildPhase;
			buildActionMask = 2147483647;
			files = (
			);
			runOnlyForDeploymentPostprocessing = 0;
		};
		BA4EB3E32E3B584500664C12 /* Frameworks */ = {
			isa = PBXFrameworksBuildPhase;
			buildActionMask = 2147483647;
			files = (
			);
			runOnlyForDeploymentPostprocessing = 0;
		};
		BA4EB3ED2E3B584500664C12 /* Frameworks */ = {
			isa = PBXFrameworksBuildPhase;
			buildActionMask = 2147483647;
			files = (
			);
			runOnlyForDeploymentPostprocessing = 0;
		};
/* End PBXFrameworksBuildPhase section */

/* Begin PBXGroup section */
		BA4EB3D02E3B584400664C12 = {
			isa = PBXGroup;
			children = (
				BA4EB3DB2E3B584400664C12 /* TestTaHoma */,
				BA4EB3E92E3B584500664C12 /* TestTaHomaTests */,
				BA4EB3F32E3B584500664C12 /* TestTaHomaUITests */,
				BA4EB3DA2E3B584400664C12 /* Products */,
			);
			sourceTree = "<group>";
		};
		BA4EB3DA2E3B584400664C12 /* Products */ = {
			isa = PBXGroup;
			children = (
				BA4EB3D92E3B584400664C12 /* TestTaHoma.app */,
				BA4EB3E62E3B584500664C12 /* TestTaHomaTests.xctest */,
				BA4EB3F02E3B584500664C12 /* TestTaHomaUITests.xctest */,
			);
			name = Products;
			sourceTree = "<group>";
		};
/* End PBXGroup section */

/* Begin PBXNativeTarget section */
		BA4EB3D82E3B584400664C12 /* TestTaHoma */ = {
			isa = PBXNativeTarget;
			buildConfigurationList = BA4EB3FA2E3B584500664C12 /* Build configuration list for PBXNativeTarget "TestTaHoma" */;
			buildPhases = (
				BA4EB3D52E3B584400664C12 /* Sources */,
				BA4EB3D62E3B584400664C12 /* Frameworks */,
				BA4EB3D72E3B584400664C12 /* Resources */,
			);
			buildRules = (
			);
			dependencies = (
			);
			fileSystemSynchronizedGroups = (
				BA4EB3DB2E3B584400664C12 /* TestTaHoma */,
			);
			name = TestTaHoma;
			packageProductDependencies = (
			);
			productName = TestTaHoma;
			productReference = BA4EB3D92E3B584400664C12 /* TestTaHoma.app */;
			productType = "com.apple.product-type.application";
		};
		BA4EB3E52E3B584500664C12 /* TestTaHomaTests */ = {
			isa = PBXNativeTarget;
			buildConfigurationList = BA4EB3FD2E3B584500664C12 /* Build configuration list for PBXNativeTarget "TestTaHomaTests" */;
			buildPhases = (
				BA4EB3E22E3B584500664C12 /* Sources */,
				BA4EB3E32E3B584500664C12 /* Frameworks */,
				BA4EB3E42E3B584500664C12 /* Resources */,
			);
			buildRules = (
			);
			dependencies = (
				BA4EB3E82E3B584500664C12 /* PBXTargetDependency */,
			);
			fileSystemSynchronizedGroups = (
				BA4EB3E92E3B584500664C12 /* TestTaHomaTests */,
			);
			name = TestTaHomaTests;
			packageProductDependencies = (
			);
			productName = TestTaHomaTests;
			productReference = BA4EB3E62E3B584500664C12 /* TestTaHomaTests.xctest */;
			productType = "com.apple.product-type.bundle.unit-test";
		};
		BA4EB3EF2E3B584500664C12 /* TestTaHomaUITests */ = {
			isa = PBXNativeTarget;
			buildConfigurationList = BA4EB4002E3B584500664C12 /* Build configuration list for PBXNativeTarget "TestTaHomaUITests" */;
			buildPhases = (
				BA4EB3EC2E3B584500664C12 /* Sources */,
				BA4EB3ED2E3B584500664C12 /* Frameworks */,
				BA4EB3EE2E3B584500664C12 /* Resources */,
			);
			buildRules = (
			);
			dependencies = (
				BA4EB3F22E3B584500664C12 /* PBXTargetDependency */,
			);
			fileSystemSynchronizedGroups = (
				BA4EB3F32E3B584500664C12 /* TestTaHomaUITests */,
			);
			name = TestTaHomaUITests;
			packageProductDependencies = (
			);
			productName = TestTaHomaUITests;
			productReference = BA4EB3F02E3B584500664C12 /* TestTaHomaUITests.xctest */;
			productType = "com.apple.product-type.bundle.ui-testing";
		};
/* End PBXNativeTarget section */

/* Begin PBXProject section */
		BA4EB3D12E3B584400664C12 /* Project object */ = {
			isa = PBXProject;
			attributes = {
				BuildIndependentTargetsInParallel = 1;
				LastSwiftUpdateCheck = 1640;
				LastUpgradeCheck = 1640;
				TargetAttributes = {
					BA4EB3D82E3B584400664C12 = {
						CreatedOnToolsVersion = 16.4;
					};
					BA4EB3E52E3B584500664C12 = {
						CreatedOnToolsVersion = 16.4;
						TestTargetID = BA4EB3D82E3B584400664C12;
					};
					BA4EB3EF2E3B584500664C12 = {
						CreatedOnToolsVersion = 16.4;
						TestTargetID = BA4EB3D82E3B584400664C12;
					};
				};
			};
			buildConfigurationList = BA4EB3D42E3B584400664C12 /* Build configuration list for PBXProject "TestTaHoma" */;
			developmentRegion = en;
			hasScannedForEncodings = 0;
			knownRegions = (
				en,
				Base,
			);
			mainGroup = BA4EB3D02E3B584400664C12;
			minimizedProjectReferenceProxies = 1;
			preferredProjectObjectVersion = 77;
			productRefGroup = BA4EB3DA2E3B584400664C12 /* Products */;
			projectDirPath = "";
			projectRoot = "";
			targets = (
				BA4EB3D82E3B584400664C12 /* TestTaHoma */,
				BA4EB3E52E3B584500664C12 /* TestTaHomaTests */,
				BA4EB3EF2E3B584500664C12 /* TestTaHomaUITests */,
			);
		};
/* End PBXProject section */

/* Begin PBXResourcesBuildPhase section */
		BA4EB3D72E3B584400664C12 /* Resources */ = {
			isa = PBXResourcesBuildPhase;
			buildActionMask = 2147483647;
			files = (
			);
			runOnlyForDeploymentPostprocessing = 0;
		};
		BA4EB3E42E3B584500664C12 /* Resources */ = {
			isa = PBXResourcesBuildPhase;
			buildActionMask = 2147483647;
			files = (
			);
			runOnlyForDeploymentPostprocessing = 0;
		};
		BA4EB3EE2E3B584500664C12 /* Resources */ = {
			isa = PBXResourcesBuildPhase;
			buildActionMask = 2147483647;
			files = (
			);
			runOnlyForDeploymentPostprocessing = 0;
		};
/* End PBXResourcesBuildPhase section */

/* Begin PBXSourcesBuildPhase section */
		BA4EB3D52E3B584400664C12 /* Sources */ = {
			isa = PBXSourcesBuildPhase;
			buildActionMask = 2147483647;
			files = (
			);
			runOnlyForDeploymentPostprocessing = 0;
		};
		BA4EB3E22E3B584500664C12 /* Sources */ = {
			isa = PBXSourcesBuildPhase;
			buildActionMask = 2147483647;
			files = (
			);
			runOnlyForDeploymentPostprocessing = 0;
		};
		BA4EB3EC2E3B584500664C12 /* Sources */ = {
			isa = PBXSourcesBuildPhase;
			buildActionMask = 2147483647;
			files = (
			);
			runOnlyForDeploymentPostprocessing = 0;
		};
/* End PBXSourcesBuildPhase section */

/* Begin PBXTargetDependency section */
		BA4EB3E82E3B584500664C12 /* PBXTargetDependency */ = {
			isa = PBXTargetDependency;
			target = BA4EB3D82E3B584400664C12 /* TestTaHoma */;
			targetProxy = BA4EB3E72E3B584500664C12 /* PBXContainerItemProxy */;
		};
		BA4EB3F22E3B584500664C12 /* PBXTargetDependency */ = {
			isa = PBXTargetDependency;
			target = BA4EB3D82E3B584400664C12 /* TestTaHoma */;
			targetProxy = BA4EB3F12E3B584500664C12 /* PBXContainerItemProxy */;
		};
/* End PBXTargetDependency section */

/* Begin XCBuildConfiguration section */
		BA4EB3F82E3B584500664C12 /* Debug */ = {
			isa = XCBuildConfiguration;
			buildSettings = {
				ALWAYS_SEARCH_USER_PATHS = NO;
				ASSETCATALOG_COMPILER_GENERATE_SWIFT_ASSET_SYMBOL_EXTENSIONS = YES;
				CLANG_ANALYZER_NONNULL = YES;
				CLANG_ANALYZER_NUMBER_OBJECT_CONVERSION = YES_AGGRESSIVE;
				CLANG_CXX_LANGUAGE_STANDARD = "gnu++20";
				CLANG_ENABLE_MODULES = YES;
				CLANG_ENABLE_OBJC_ARC = YES;
				CLANG_ENABLE_OBJC_WEAK = YES;
				CLANG_WARN_BLOCK_CAPTURE_AUTORELEASING = YES;
				CLANG_WARN_BOOL_CONVERSION = YES;
				CLANG_WARN_COMMA = YES;
				CLANG_WARN_CONSTANT_CONVERSION = YES;
				CLANG_WARN_DEPRECATED_OBJC_IMPLEMENTATIONS = YES;
				CLANG_WARN_DIRECT_OBJC_ISA_USAGE = YES_ERROR;
				CLANG_WARN_DOCUMENTATION_COMMENTS = YES;
				CLANG_WARN_EMPTY_BODY = YES;
				CLANG_WARN_ENUM_CONVERSION = YES;
				CLANG_WARN_INFINITE_RECURSION = YES;
				CLANG_WARN_INT_CONVERSION = YES;
				CLANG_WARN_NON_LITERAL_NULL_CONVERSION = YES;
				CLANG_WARN_OBJC_IMPLICIT_RETAIN_SELF = YES;
				CLANG_WARN_OBJC_LITERAL_CONVERSION = YES;
				CLANG_WARN_OBJC_ROOT_CLASS = YES_ERROR;
				CLANG_WARN_QUOTED_INCLUDE_IN_FRAMEWORK_HEADER = YES;
				CLANG_WARN_RANGE_LOOP_ANALYSIS = YES;
				CLANG_WARN_STRICT_PROTOTYPES = YES;
				CLANG_WARN_SUSPICIOUS_MOVE = YES;
				CLANG_WARN_UNGUARDED_AVAILABILITY = YES_AGGRESSIVE;
				CLANG_WARN_UNREACHABLE_CODE = YES;
				CLANG_WARN__DUPLICATE_METHOD_MATCH = YES;
				COPY_PHASE_STRIP = NO;
				DEBUG_INFORMATION_FORMAT = dwarf;
				ENABLE_STRICT_OBJC_MSGSEND = YES;
				ENABLE_TESTABILITY = YES;
				ENABLE_USER_SCRIPT_SANDBOXING = YES;
				GCC_C_LANGUAGE_STANDARD = gnu17;
				GCC_DYNAMIC_NO_PIC = NO;
				GCC_NO_COMMON_BLOCKS = YES;
				GCC_OPTIMIZATION_LEVEL = 0;
				GCC_PREPROCESSOR_DEFINITIONS = (
					"DEBUG=1",
					"$(inherited)",
				);
				GCC_WARN_64_TO_32_BIT_CONVERSION = YES;
				GCC_WARN_ABOUT_RETURN_TYPE = YES_ERROR;
				GCC_WARN_UNDECLARED_SELECTOR = YES;
				GCC_WARN_UNINITIALIZED_AUTOS = YES_AGGRESSIVE;
				GCC_WARN_UNUSED_FUNCTION = YES;
				GCC_WARN_UNUSED_VARIABLE = YES;
				IPHONEOS_DEPLOYMENT_TARGET = 18.5;
				LOCALIZATION_PREFERS_STRING_CATALOGS = YES;
				MTL_ENABLE_DEBUG_INFO = INCLUDE_SOURCE;
				MTL_FAST_MATH = YES;
				ONLY_ACTIVE_ARCH = YES;
				SDKROOT = iphoneos;
				SWIFT_ACTIVE_COMPILATION_CONDITIONS = "DEBUG $(inherited)";
				SWIFT_OPTIMIZATION_LEVEL = "-Onone";
			};
			name = Debug;
		};
		BA4EB3F92E3B584500664C12 /* Release */ = {
			isa = XCBuildConfiguration;
			buildSettings = {
				ALWAYS_SEARCH_USER_PATHS = NO;
				ASSETCATALOG_COMPILER_GENERATE_SWIFT_ASSET_SYMBOL_EXTENSIONS = YES;
				CLANG_ANALYZER_NONNULL = YES;
				CLANG_ANALYZER_NUMBER_OBJECT_CONVERSION = YES_AGGRESSIVE;
				CLANG_CXX_LANGUAGE_STANDARD = "gnu++20";
				CLANG_ENABLE_MODULES = YES;
				CLANG_ENABLE_OBJC_ARC = YES;
				CLANG_ENABLE_OBJC_WEAK = YES;
				CLANG_WARN_BLOCK_CAPTURE_AUTORELEASING = YES;
				CLANG_WARN_BOOL_CONVERSION = YES;
				CLANG_WARN_COMMA = YES;
				CLANG_WARN_CONSTANT_CONVERSION = YES;
				CLANG_WARN_DEPRECATED_OBJC_IMPLEMENTATIONS = YES;
				CLANG_WARN_DIRECT_OBJC_ISA_USAGE = YES_ERROR;
				CLANG_WARN_DOCUMENTATION_COMMENTS = YES;
				CLANG_WARN_EMPTY_BODY = YES;
				CLANG_WARN_ENUM_CONVERSION = YES;
				CLANG_WARN_INFINITE_RECURSION = YES;
				CLANG_WARN_INT_CONVERSION = YES;
				CLANG_WARN_NON_LITERAL_NULL_CONVERSION = YES;
				CLANG_WARN_OBJC_IMPLICIT_RETAIN_SELF = YES;
				CLANG_WARN_OBJC_LITERAL_CONVERSION = YES;
				CLANG_WARN_OBJC_ROOT_CLASS = YES_ERROR;
				CLANG_WARN_QUOTED_INCLUDE_IN_FRAMEWORK_HEADER = YES;
				CLANG_WARN_RANGE_LOOP_ANALYSIS = YES;
				CLANG_WARN_STRICT_PROTOTYPES = YES;
				CLANG_WARN_SUSPICIOUS_MOVE = YES;
				CLANG_WARN_UNGUARDED_AVAILABILITY = YES_AGGRESSIVE;
				CLANG_WARN_UNREACHABLE_CODE = YES;
				CLANG_WARN__DUPLICATE_METHOD_MATCH = YES;
				COPY_PHASE_STRIP = NO;
				DEBUG_INFORMATION_FORMAT = "dwarf-with-dsym";
				ENABLE_NS_ASSERTIONS = NO;
				ENABLE_STRICT_OBJC_MSGSEND = YES;
				ENABLE_USER_SCRIPT_SANDBOXING = YES;
				GCC_C_LANGUAGE_STANDARD = gnu17;
				GCC_NO_COMMON_BLOCKS = YES;
				GCC_WARN_64_TO_32_BIT_CONVERSION = YES;
				GCC_WARN_ABOUT_RETURN_TYPE = YES_ERROR;
				GCC_WARN_UNDECLARED_SELECTOR = YES;
				GCC_WARN_UNINITIALIZED_AUTOS = YES_AGGRESSIVE;
				GCC_WARN_UNUSED_FUNCTION = YES;
				GCC_WARN_UNUSED_VARIABLE = YES;
				IPHONEOS_DEPLOYMENT_TARGET = 18.5;
				LOCALIZATION_PREFERS_STRING_CATALOGS = YES;
				MTL_ENABLE_DEBUG_INFO = NO;
				MTL_FAST_MATH = YES;
				SDKROOT = iphoneos;
				SWIFT_COMPILATION_MODE = wholemodule;
				VALIDATE_PRODUCT = YES;
			};
			name = Release;
		};
		BA4EB3FB2E3B584500664C12 /* Debug */ = {
			isa = XCBuildConfiguration;
			buildSettings = {
				ASSETCATALOG_COMPILER_APPICON_NAME = AppIcon;
				ASSETCATALOG_COMPILER_GLOBAL_ACCENT_COLOR_NAME = AccentColor;
				CODE_SIGN_STYLE = Automatic;
				CURRENT_PROJECT_VERSION = 1;
				ENABLE_PREVIEWS = YES;
				GENERATE_INFOPLIST_FILE = YES;
				INFOPLIST_KEY_UIApplicationSceneManifest_Generation = YES;
				INFOPLIST_KEY_UIApplicationSupportsIndirectInputEvents = YES;
				INFOPLIST_KEY_UILaunchScreen_Generation = YES;
				INFOPLIST_KEY_UISupportedInterfaceOrientations_iPad = "UIInterfaceOrientationPortrait UIInterfaceOrientationPortraitUpsideDown UIInterfaceOrientationLandscapeLeft UIInterfaceOrientationLandscapeRight";
				INFOPLIST_KEY_UISupportedInterfaceOrientations_iPhone = "UIInterfaceOrientationPortrait UIInterfaceOrientationLandscapeLeft UIInterfaceOrientationLandscapeRight";
				LD_RUNPATH_SEARCH_PATHS = (
					"$(inherited)",
					"@executable_path/Frameworks",
				);
				MARKETING_VERSION = 1.0;
				PRODUCT_BUNDLE_IDENTIFIER = com.perso.lab.TestTaHoma;
				PRODUCT_NAME = "$(TARGET_NAME)";
				SWIFT_EMIT_LOC_STRINGS = YES;
				SWIFT_VERSION = 5.0;
				TARGETED_DEVICE_FAMILY = "1,2";
			};
			name = Debug;
		};
		BA4EB3FC2E3B584500664C12 /* Release */ = {
			isa = XCBuildConfiguration;
			buildSettings = {
				ASSETCATALOG_COMPILER_APPICON_NAME = AppIcon;
				ASSETCATALOG_COMPILER_GLOBAL_ACCENT_COLOR_NAME = AccentColor;
				CODE_SIGN_STYLE = Automatic;
				CURRENT_PROJECT_VERSION = 1;
				ENABLE_PREVIEWS = YES;
				GENERATE_INFOPLIST_FILE = YES;
				INFOPLIST_KEY_UIApplicationSceneManifest_Generation = YES;
				INFOPLIST_KEY_UIApplicationSupportsIndirectInputEvents = YES;
				INFOPLIST_KEY_UILaunchScreen_Generation = YES;
				INFOPLIST_KEY_UISupportedInterfaceOrientations_iPad = "UIInterfaceOrientationPortrait UIInterfaceOrientationPortraitUpsideDown UIInterfaceOrientationLandscapeLeft UIInterfaceOrientationLandscapeRight";
				INFOPLIST_KEY_UISupportedInterfaceOrientations_iPhone = "UIInterfaceOrientationPortrait UIInterfaceOrientationLandscapeLeft UIInterfaceOrientationLandscapeRight";
				LD_RUNPATH_SEARCH_PATHS = (
					"$(inherited)",
					"@executable_path/Frameworks",
				);
				MARKETING_VERSION = 1.0;
				PRODUCT_BUNDLE_IDENTIFIER = com.perso.lab.TestTaHoma;
				PRODUCT_NAME = "$(TARGET_NAME)";
				SWIFT_EMIT_LOC_STRINGS = YES;
				SWIFT_VERSION = 5.0;
				TARGETED_DEVICE_FAMILY = "1,2";
			};
			name = Release;
		};
		BA4EB3FE2E3B584500664C12 /* Debug */ = {
			isa = XCBuildConfiguration;
			buildSettings = {
				BUNDLE_LOADER = "$(TEST_HOST)";
				CODE_SIGN_STYLE = Automatic;
				CURRENT_PROJECT_VERSION = 1;
				GENERATE_INFOPLIST_FILE = YES;
				IPHONEOS_DEPLOYMENT_TARGET = 18.5;
				MARKETING_VERSION = 1.0;
				PRODUCT_BUNDLE_IDENTIFIER = com.perso.lab.TestTaHomaTests;
				PRODUCT_NAME = "$(TARGET_NAME)";
				SWIFT_EMIT_LOC_STRINGS = NO;
				SWIFT_VERSION = 5.0;
				TARGETED_DEVICE_FAMILY = "1,2";
				TEST_HOST = "$(BUILT_PRODUCTS_DIR)/TestTaHoma.app/$(BUNDLE_EXECUTABLE_FOLDER_PATH)/TestTaHoma";
			};
			name = Debug;
		};
		BA4EB3FF2E3B584500664C12 /* Release */ = {
			isa = XCBuildConfiguration;
			buildSettings = {
				BUNDLE_LOADER = "$(TEST_HOST)";
				CODE_SIGN_STYLE = Automatic;
				CURRENT_PROJECT_VERSION = 1;
				GENERATE_INFOPLIST_FILE = YES;
				IPHONEOS_DEPLOYMENT_TARGET = 18.5;
				MARKETING_VERSION = 1.0;
				PRODUCT_BUNDLE_IDENTIFIER = com.perso.lab.TestTaHomaTests;
				PRODUCT_NAME = "$(TARGET_NAME)";
				SWIFT_EMIT_LOC_STRINGS = NO;
				SWIFT_VERSION = 5.0;
				TARGETED_DEVICE_FAMILY = "1,2";
				TEST_HOST = "$(BUILT_PRODUCTS_DIR)/TestTaHoma.app/$(BUNDLE_EXECUTABLE_FOLDER_PATH)/TestTaHoma";
			};
			name = Release;
		};
		BA4EB4012E3B584500664C12 /* Debug */ = {
			isa = XCBuildConfiguration;
			buildSettings = {
				CODE_SIGN_STYLE = Automatic;
				CURRENT_PROJECT_VERSION = 1;
				GENERATE_INFOPLIST_FILE = YES;
				MARKETING_VERSION = 1.0;
				PRODUCT_BUNDLE_IDENTIFIER = com.perso.lab.TestTaHomaUITests;
				PRODUCT_NAME = "$(TARGET_NAME)";
				SWIFT_EMIT_LOC_STRINGS = NO;
				SWIFT_VERSION = 5.0;
				TARGETED_DEVICE_FAMILY = "1,2";
				TEST_TARGET_NAME = TestTaHoma;
			};
			name = Debug;
		};
		BA4EB4022E3B584500664C12 /* Release */ = {
			isa = XCBuildConfiguration;
			buildSettings = {
				CODE_SIGN_STYLE = Automatic;
				CURRENT_PROJECT_VERSION = 1;
				GENERATE_INFOPLIST_FILE = YES;
				MARKETING_VERSION = 1.0;
				PRODUCT_BUNDLE_IDENTIFIER = com.perso.lab.TestTaHomaUITests;
				PRODUCT_NAME = "$(TARGET_NAME)";
				SWIFT_EMIT_LOC_STRINGS = NO;
				SWIFT_VERSION = 5.0;
				TARGETED_DEVICE_FAMILY = "1,2";
				TEST_TARGET_NAME = TestTaHoma;
			};
			name = Release;
		};
/* End XCBuildConfiguration section */

/* Begin XCConfigurationList section */
		BA4EB3D42E3B584400664C12 /* Build configuration list for PBXProject "TestTaHoma" */ = {
			isa = XCConfigurationList;
			buildConfigurations = (
				BA4EB3F82E3B584500664C12 /* Debug */,
				BA4EB3F92E3B584500664C12 /* Release */,
			);
			defaultConfigurationIsVisible = 0;
			defaultConfigurationName = Release;
		};
		BA4EB3FA2E3B584500664C12 /* Build configuration list for PBXNativeTarget "TestTaHoma" */ = {
			isa = XCConfigurationList;
			buildConfigurations = (
				BA4EB3FB2E3B584500664C12 /* Debug */,
				BA4EB3FC2E3B584500664C12 /* Release */,
			);
			defaultConfigurationIsVisible = 0;
			defaultConfigurationName = Release;
		};
		BA4EB3FD2E3B584500664C12 /* Build configuration list for PBXNativeTarget "TestTaHomaTests" */ = {
			isa = XCConfigurationList;
			buildConfigurations = (
				BA4EB3FE2E3B584500664C12 /* Debug */,
				BA4EB3FF2E3B584500664C12 /* Release */,
			);
			defaultConfigurationIsVisible = 0;
			defaultConfigurationName = Release;
		};
		BA4EB4002E3B584500664C12 /* Build configuration list for PBXNativeTarget "TestTaHomaUITests" */ = {
			isa = XCConfigurationList;
			buildConfigurations = (
				BA4EB4012E3B584500664C12 /* Debug */,
				BA4EB4022E3B584500664C12 /* Release */,
			);
			defaultConfigurationIsVisible = 0;
			defaultConfigurationName = Release;
		};
/* End XCConfigurationList section */
	};
	rootObject = BA4EB3D12E3B584400664C12 /* Project object */;
}
